
Microsoft Visual Studio Solution File, Format Version 12.00
# Visual Studio Version 16
VisualStudioVersion = 16.0.29230.47
MinimumVisualStudioVersion = 10.0.40219.1
Project("{FAE04EC0-301F-11D3-BF4B-00C04F79EFBC}") = "WebApplication1", "WebApplication1.csproj", "{43B43387-7FF4-4457-9EEB-DE4455E265A3}"
EndProject
Global
	GlobalSection(SolutionConfigurationPlatforms) = preSolution
		Debug|Any CPU = Debug|Any CPU
		Release|Any CPU = Release|Any CPU
	EndGlobalSection
	GlobalSection(ProjectConfigurationPlatforms) = postSolution
		{43B43387-7FF4-4457-9EEB-DE4455E265A3}.Debug|Any CPU.ActiveCfg = Debug|Any CPU
		{43B43387-7FF4-4457-9EEB-DE4455E265A3}.Debug|Any CPU.Build.0 = Debug|Any CPU
		{43B43387-7FF4-4457-9EEB-DE4455E265A3}.Release|Any CPU.ActiveCfg = Release|Any CPU
		{43B43387-7FF4-4457-9EEB-DE4455E265A3}.Release|Any CPU.Build.0 = Release|Any CPU
	EndGlobalSection
	GlobalSection(SolutionProperties) = preSolution
		HideSolutionNode = FALSE
	EndGlobalSection
	GlobalSection(ExtensibilityGlobals) = postSolution
		SolutionGuid = {86E378D2-7B45-47FA-AFBA-CAFD72F1891C}
	EndGlobalSection
EndGlobal
